
Microsoft Visual Studio Solution File, Format Version 12.00
# Visual Studio Version 16
VisualStudioVersion = 16.0.31410.357
MinimumVisualStudioVersion = 10.0.40219.1
Project("{FAE04EC0-301F-11D3-BF4B-00C04F79EFBC}") = "Drive", "Drive\Drive.csproj", "{A52AC2ED-DCC3-0225-0BE1-3C85A415FF2E}"
EndProject
Global
	GlobalSection(SolutionConfigurationPlatforms) = preSolution
		Debug|Any CPU = Debug|Any CPU
		Release|Any CPU = Release|Any CPU
	EndGlobalSection
	GlobalSection(ProjectConfigurationPlatforms) = postSolution
		{A52AC2ED-DCC3-0225-0BE1-3C85A415FF2E}.Debug|Any CPU.ActiveCfg = Debug|Any CPU
		{A52AC2ED-DCC3-0225-0BE1-3C85A415FF2E}.Debug|Any CPU.Build.0 = Debug|Any CPU
		{A52AC2ED-DCC3-0225-0BE1-3C85A415FF2E}.Release|Any CPU.ActiveCfg = Release|Any CPU
		{A52AC2ED-DCC3-0225-0BE1-3C85A415FF2E}.Release|Any CPU.Build.0 = Release|Any CPU
	EndGlobalSection
	GlobalSection(SolutionProperties) = preSolution
		HideSolutionNode = FALSE
	EndGlobalSection
	GlobalSection(ExtensibilityGlobals) = postSolution
		SolutionGuid = {D462C1B2-3C12-43BD-8604-1AC46DE2D9B3}
	EndGlobalSection
EndGlobal
